// !$*UTF8*$!
{
	archiveVersion = 1;
	classes = {
	};
	objectVersion = 48;
	objects = {

/* Begin PBXBuildFile section */
		BBCFA39181AACA83C35A42C1 /* libPods-ZZNetwork.a in Frameworks */ = {isa = PBXBuildFile; fileRef = F8DEBCCD17DD6C69035A99D2 /* libPods-ZZNetwork.a */; };
		C9985CDB20BBE58600BEEDA3 /* AppDelegate.m in Sources */ = {isa = PBXBuildFile; fileRef = C9985CDA20BBE58600BEEDA3 /* AppDelegate.m */; };
		C9985CDE20BBE58600BEEDA3 /* ViewController.m in Sources */ = {isa = PBXBuildFile; fileRef = C9985CDD20BBE58600BEEDA3 /* ViewController.m */; };
		C9985CE120BBE58600BEEDA3 /* Main.storyboard in Resources */ = {isa = PBXBuildFile; fileRef = C9985CDF20BBE58600BEEDA3 /* Main.storyboard */; };
		C9985CE320BBE58600BEEDA3 /* Assets.xcassets in Resources */ = {isa = PBXBuildFile; fileRef = C9985CE220BBE58600BEEDA3 /* Assets.xcassets */; };
		C9985CE620BBE58600BEEDA3 /* LaunchScreen.storyboard in Resources */ = {isa = PBXBuildFile; fileRef = C9985CE420BBE58600BEEDA3 /* LaunchScreen.storyboard */; };
		C9985CE920BBE58600BEEDA3 /* main.m in Sources */ = {isa = PBXBuildFile; fileRef = C9985CE820BBE58600BEEDA3 /* main.m */; };
		C9985CF320BBE58700BEEDA3 /* ZZNetworkTests.m in Sources */ = {isa = PBXBuildFile; fileRef = C9985CF220BBE58700BEEDA3 /* ZZNetworkTests.m */; };
		C9985CFE20BBE58700BEEDA3 /* ZZNetworkUITests.m in Sources */ = {isa = PBXBuildFile; fileRef = C9985CFD20BBE58700BEEDA3 /* ZZNetworkUITests.m */; };
		C99BD5D120BD12E3005A6E4A /* WeatherApi.m in Sources */ = {isa = PBXBuildFile; fileRef = C99BD5D020BD12E3005A6E4A /* WeatherApi.m */; };
		C99BD5D420BD130F005A6E4A /* WeatherInfo.m in Sources */ = {isa = PBXBuildFile; fileRef = C99BD5D320BD130F005A6E4A /* WeatherInfo.m */; };
		C9A3557B20C4E25A00F56904 /* ZZCache.m in Sources */ = {isa = PBXBuildFile; fileRef = C9C7DE4D20BE72B600F8ECE8 /* ZZCache.m */; };
		C9A3557C20C4E25E00F56904 /* ZZStoreManager.m in Sources */ = {isa = PBXBuildFile; fileRef = C974AB0D20C00357000C4365 /* ZZStoreManager.m */; };
		C9A3557E20C4E27100F56904 /* ZZKeyValueDB.xcdatamodeld in Sources */ = {isa = PBXBuildFile; fileRef = C9829A2020C13C8D00C764E7 /* ZZKeyValueDB.xcdatamodeld */; };
		C9A3557F20C4E27600F56904 /* ZZMemoryCache.m in Sources */ = {isa = PBXBuildFile; fileRef = C9C7DE5020BE76EF00F8ECE8 /* ZZMemoryCache.m */; };
		C9A3558020C4E27800F56904 /* ZZDiskCache.m in Sources */ = {isa = PBXBuildFile; fileRef = C9C7DE5320BE76FE00F8ECE8 /* ZZDiskCache.m */; };
		C9A3558120C4E27B00F56904 /* ZZRequestPool.m in Sources */ = {isa = PBXBuildFile; fileRef = C97A8DE720BE4FF200AC61DA /* ZZRequestPool.m */; };
		C9A3558220C4E27F00F56904 /* NSDate+ZZ.m in Sources */ = {isa = PBXBuildFile; fileRef = C97A8DDF20BE4CB700AC61DA /* NSDate+ZZ.m */; };
		C9A3558320C4E28200F56904 /* NSString+ZZ.m in Sources */ = {isa = PBXBuildFile; fileRef = C97A8DE020BE4CB700AC61DA /* NSString+ZZ.m */; };
		C9A3558420C4E28500F56904 /* UIApplication+ZZ.m in Sources */ = {isa = PBXBuildFile; fileRef = C974AB1320C00723000C4365 /* UIApplication+ZZ.m */; };
		C9A3558520C4E28800F56904 /* ZZRequest.m in Sources */ = {isa = PBXBuildFile; fileRef = C9985D1120BBEE1000BEEDA3 /* ZZRequest.m */; };
		C9A3558620C4E28B00F56904 /* ZZBaseApi.m in Sources */ = {isa = PBXBuildFile; fileRef = C9C7DE3C20BE51E700F8ECE8 /* ZZBaseApi.m */; };
		C9A3558720C4E28E00F56904 /* ZZBaseReponse.m in Sources */ = {isa = PBXBuildFile; fileRef = C9C7DE4320BE632500F8ECE8 /* ZZBaseReponse.m */; };
		C9C7DE4720BE66AA00F8ECE8 /* WeatherInfoWarpper.m in Sources */ = {isa = PBXBuildFile; fileRef = C9C7DE4620BE66AA00F8ECE8 /* WeatherInfoWarpper.m */; };
/* End PBXBuildFile section */

/* Begin PBXContainerItemProxy section */
		C9985CEF20BBE58700BEEDA3 /* PBXContainerItemProxy */ = {
			isa = PBXContainerItemProxy;
			containerPortal = C9985CCE20BBE58600BEEDA3 /* Project object */;
			proxyType = 1;
			remoteGlobalIDString = C9985CD520BBE58600BEEDA3;
			remoteInfo = ZZNetwork;
		};
		C9985CFA20BBE58700BEEDA3 /* PBXContainerItemProxy */ = {
			isa = PBXContainerItemProxy;
			containerPortal = C9985CCE20BBE58600BEEDA3 /* Project object */;
			proxyType = 1;
			remoteGlobalIDString = C9985CD520BBE58600BEEDA3;
			remoteInfo = ZZNetwork;
		};
/* End PBXContainerItemProxy section */

/* Begin PBXFileReference section */
		78868473D90CE2E6C7FA5B46 /* Pods-ZZNetwork.debug.xcconfig */ = {isa = PBXFileReference; includeInIndex = 1; lastKnownFileType = text.xcconfig; name = "Pods-ZZNetwork.debug.xcconfig"; path = "Pods/Target Support Files/Pods-ZZNetwork/Pods-ZZNetwork.debug.xcconfig"; sourceTree = "<group>"; };
		B382967DB035BAC81E495B09 /* Pods-ZZNetwork.release.xcconfig */ = {isa = PBXFileReference; includeInIndex = 1; lastKnownFileType = text.xcconfig; name = "Pods-ZZNetwork.release.xcconfig"; path = "Pods/Target Support Files/Pods-ZZNetwork/Pods-ZZNetwork.release.xcconfig"; sourceTree = "<group>"; };
		C974AB0C20C00357000C4365 /* ZZStoreManager.h */ = {isa = PBXFileReference; lastKnownFileType = sourcecode.c.h; path = ZZStoreManager.h; sourceTree = "<group>"; };
		C974AB0D20C00357000C4365 /* ZZStoreManager.m */ = {isa = PBXFileReference; lastKnownFileType = sourcecode.c.objc; path = ZZStoreManager.m; sourceTree = "<group>"; };
		C974AB1220C00723000C4365 /* UIApplication+ZZ.h */ = {isa = PBXFileReference; lastKnownFileType = sourcecode.c.h; path = "UIApplication+ZZ.h"; sourceTree = "<group>"; };
		C974AB1320C00723000C4365 /* UIApplication+ZZ.m */ = {isa = PBXFileReference; lastKnownFileType = sourcecode.c.objc; path = "UIApplication+ZZ.m"; sourceTree = "<group>"; };
		C97A8DDD20BE4CB700AC61DA /* NSString+ZZ.h */ = {isa = PBXFileReference; fileEncoding = 4; lastKnownFileType = sourcecode.c.h; path = "NSString+ZZ.h"; sourceTree = "<group>"; };
		C97A8DDE20BE4CB700AC61DA /* NSDate+ZZ.h */ = {isa = PBXFileReference; fileEncoding = 4; lastKnownFileType = sourcecode.c.h; path = "NSDate+ZZ.h"; sourceTree = "<group>"; };
		C97A8DDF20BE4CB700AC61DA /* NSDate+ZZ.m */ = {isa = PBXFileReference; fileEncoding = 4; lastKnownFileType = sourcecode.c.objc; path = "NSDate+ZZ.m"; sourceTree = "<group>"; };
		C97A8DE020BE4CB700AC61DA /* NSString+ZZ.m */ = {isa = PBXFileReference; fileEncoding = 4; lastKnownFileType = sourcecode.c.objc; path = "NSString+ZZ.m"; sourceTree = "<group>"; };
		C97A8DE320BE4DA500AC61DA /* ZZCategory.h */ = {isa = PBXFileReference; lastKnownFileType = sourcecode.c.h; path = ZZCategory.h; sourceTree = "<group>"; };
		C97A8DE720BE4FF200AC61DA /* ZZRequestPool.m */ = {isa = PBXFileReference; fileEncoding = 4; lastKnownFileType = sourcecode.c.objc; path = ZZRequestPool.m; sourceTree = "<group>"; };
		C97A8DE820BE4FF200AC61DA /* ZZRequestPool.h */ = {isa = PBXFileReference; fileEncoding = 4; lastKnownFileType = sourcecode.c.h; path = ZZRequestPool.h; sourceTree = "<group>"; };
		C9829A2120C13C8D00C764E7 /* ZZKeyValueDB.xcdatamodel */ = {isa = PBXFileReference; lastKnownFileType = wrapper.xcdatamodel; path = ZZKeyValueDB.xcdatamodel; sourceTree = "<group>"; };
		C9985CD620BBE58600BEEDA3 /* ZZNetwork.app */ = {isa = PBXFileReference; explicitFileType = wrapper.application; includeInIndex = 0; path = ZZNetwork.app; sourceTree = BUILT_PRODUCTS_DIR; };
		C9985CD920BBE58600BEEDA3 /* AppDelegate.h */ = {isa = PBXFileReference; lastKnownFileType = sourcecode.c.h; path = AppDelegate.h; sourceTree = "<group>"; };
		C9985CDA20BBE58600BEEDA3 /* AppDelegate.m */ = {isa = PBXFileReference; lastKnownFileType = sourcecode.c.objc; path = AppDelegate.m; sourceTree = "<group>"; };
		C9985CDC20BBE58600BEEDA3 /* ViewController.h */ = {isa = PBXFileReference; lastKnownFileType = sourcecode.c.h; path = ViewController.h; sourceTree = "<group>"; };
		C9985CDD20BBE58600BEEDA3 /* ViewController.m */ = {isa = PBXFileReference; lastKnownFileType = sourcecode.c.objc; path = ViewController.m; sourceTree = "<group>"; };
		C9985CE020BBE58600BEEDA3 /* Base */ = {isa = PBXFileReference; lastKnownFileType = file.storyboard; name = Base; path = Base.lproj/Main.storyboard; sourceTree = "<group>"; };
		C9985CE220BBE58600BEEDA3 /* Assets.xcassets */ = {isa = PBXFileReference; lastKnownFileType = folder.assetcatalog; path = Assets.xcassets; sourceTree = "<group>"; };
		C9985CE520BBE58600BEEDA3 /* Base */ = {isa = PBXFileReference; lastKnownFileType = file.storyboard; name = Base; path = Base.lproj/LaunchScreen.storyboard; sourceTree = "<group>"; };
		C9985CE720BBE58600BEEDA3 /* Info.plist */ = {isa = PBXFileReference; lastKnownFileType = text.plist.xml; path = Info.plist; sourceTree = "<group>"; };
		C9985CE820BBE58600BEEDA3 /* main.m */ = {isa = PBXFileReference; lastKnownFileType = sourcecode.c.objc; path = main.m; sourceTree = "<group>"; };
		C9985CEE20BBE58700BEEDA3 /* ZZNetworkTests.xctest */ = {isa = PBXFileReference; explicitFileType = wrapper.cfbundle; includeInIndex = 0; path = ZZNetworkTests.xctest; sourceTree = BUILT_PRODUCTS_DIR; };
		C9985CF220BBE58700BEEDA3 /* ZZNetworkTests.m */ = {isa = PBXFileReference; lastKnownFileType = sourcecode.c.objc; path = ZZNetworkTests.m; sourceTree = "<group>"; };
		C9985CF420BBE58700BEEDA3 /* Info.plist */ = {isa = PBXFileReference; lastKnownFileType = text.plist.xml; path = Info.plist; sourceTree = "<group>"; };
		C9985CF920BBE58700BEEDA3 /* ZZNetworkUITests.xctest */ = {isa = PBXFileReference; explicitFileType = wrapper.cfbundle; includeInIndex = 0; path = ZZNetworkUITests.xctest; sourceTree = BUILT_PRODUCTS_DIR; };
		C9985CFD20BBE58700BEEDA3 /* ZZNetworkUITests.m */ = {isa = PBXFileReference; lastKnownFileType = sourcecode.c.objc; path = ZZNetworkUITests.m; sourceTree = "<group>"; };
		C9985CFF20BBE58700BEEDA3 /* Info.plist */ = {isa = PBXFileReference; lastKnownFileType = text.plist.xml; path = Info.plist; sourceTree = "<group>"; };
		C9985D1020BBEE1000BEEDA3 /* ZZRequest.h */ = {isa = PBXFileReference; lastKnownFileType = sourcecode.c.h; path = ZZRequest.h; sourceTree = "<group>"; };
		C9985D1120BBEE1000BEEDA3 /* ZZRequest.m */ = {isa = PBXFileReference; lastKnownFileType = sourcecode.c.objc; path = ZZRequest.m; sourceTree = "<group>"; };
		C99BD5CF20BD12E3005A6E4A /* WeatherApi.h */ = {isa = PBXFileReference; lastKnownFileType = sourcecode.c.h; path = WeatherApi.h; sourceTree = "<group>"; };
		C99BD5D020BD12E3005A6E4A /* WeatherApi.m */ = {isa = PBXFileReference; lastKnownFileType = sourcecode.c.objc; path = WeatherApi.m; sourceTree = "<group>"; };
		C99BD5D220BD130F005A6E4A /* WeatherInfo.h */ = {isa = PBXFileReference; lastKnownFileType = sourcecode.c.h; path = WeatherInfo.h; sourceTree = "<group>"; };
		C99BD5D320BD130F005A6E4A /* WeatherInfo.m */ = {isa = PBXFileReference; lastKnownFileType = sourcecode.c.objc; path = WeatherInfo.m; sourceTree = "<group>"; };
		C99BD5D520BD3236005A6E4A /* ZZNetwork.h */ = {isa = PBXFileReference; lastKnownFileType = sourcecode.c.h; path = ZZNetwork.h; sourceTree = "<group>"; };
		C9A3558820C4E36E00F56904 /* ZZKeyValueEntity+CoreDataProperties.h */ = {isa = PBXFileReference; lastKnownFileType = sourcecode.c.h; path = "ZZKeyValueEntity+CoreDataProperties.h"; sourceTree = "<group>"; };
		C9A3558920C4E36E00F56904 /* ZZKeyValueEntity+CoreDataClass.h */ = {isa = PBXFileReference; lastKnownFileType = sourcecode.c.h; path = "ZZKeyValueEntity+CoreDataClass.h"; sourceTree = "<group>"; };
		C9A3558A20C4E36E00F56904 /* ZZKeyValueEntity+CoreDataClass.m */ = {isa = PBXFileReference; lastKnownFileType = sourcecode.c.objc; path = "ZZKeyValueEntity+CoreDataClass.m"; sourceTree = "<group>"; };
		C9A3558B20C4E36E00F56904 /* ZZKeyValueEntity+CoreDataProperties.m */ = {isa = PBXFileReference; lastKnownFileType = sourcecode.c.objc; path = "ZZKeyValueEntity+CoreDataProperties.m"; sourceTree = "<group>"; };
		C9AD0D8F20BC0E8800C365B4 /* ZZProtocol.h */ = {isa = PBXFileReference; lastKnownFileType = sourcecode.c.h; path = ZZProtocol.h; sourceTree = "<group>"; };
		C9C7DE3B20BE51E700F8ECE8 /* ZZBaseApi.h */ = {isa = PBXFileReference; lastKnownFileType = sourcecode.c.h; path = ZZBaseApi.h; sourceTree = "<group>"; };
		C9C7DE3C20BE51E700F8ECE8 /* ZZBaseApi.m */ = {isa = PBXFileReference; lastKnownFileType = sourcecode.c.objc; path = ZZBaseApi.m; sourceTree = "<group>"; };
		C9C7DE4120BE630900F8ECE8 /* ZZReponse.h */ = {isa = PBXFileReference; lastKnownFileType = sourcecode.c.h; path = ZZReponse.h; sourceTree = "<group>"; };
		C9C7DE4220BE632500F8ECE8 /* ZZBaseReponse.h */ = {isa = PBXFileReference; lastKnownFileType = sourcecode.c.h; path = ZZBaseReponse.h; sourceTree = "<group>"; };
		C9C7DE4320BE632500F8ECE8 /* ZZBaseReponse.m */ = {isa = PBXFileReference; lastKnownFileType = sourcecode.c.objc; path = ZZBaseReponse.m; sourceTree = "<group>"; };
		C9C7DE4520BE66AA00F8ECE8 /* WeatherInfoWarpper.h */ = {isa = PBXFileReference; lastKnownFileType = sourcecode.c.h; path = WeatherInfoWarpper.h; sourceTree = "<group>"; };
		C9C7DE4620BE66AA00F8ECE8 /* WeatherInfoWarpper.m */ = {isa = PBXFileReference; lastKnownFileType = sourcecode.c.objc; path = WeatherInfoWarpper.m; sourceTree = "<group>"; };
		C9C7DE4C20BE72B600F8ECE8 /* ZZCache.h */ = {isa = PBXFileReference; lastKnownFileType = sourcecode.c.h; path = ZZCache.h; sourceTree = "<group>"; };
		C9C7DE4D20BE72B600F8ECE8 /* ZZCache.m */ = {isa = PBXFileReference; lastKnownFileType = sourcecode.c.objc; path = ZZCache.m; sourceTree = "<group>"; };
		C9C7DE4F20BE76EF00F8ECE8 /* ZZMemoryCache.h */ = {isa = PBXFileReference; lastKnownFileType = sourcecode.c.h; path = ZZMemoryCache.h; sourceTree = "<group>"; };
		C9C7DE5020BE76EF00F8ECE8 /* ZZMemoryCache.m */ = {isa = PBXFileReference; lastKnownFileType = sourcecode.c.objc; path = ZZMemoryCache.m; sourceTree = "<group>"; };
		C9C7DE5220BE76FE00F8ECE8 /* ZZDiskCache.h */ = {isa = PBXFileReference; lastKnownFileType = sourcecode.c.h; path = ZZDiskCache.h; sourceTree = "<group>"; };
		C9C7DE5320BE76FE00F8ECE8 /* ZZDiskCache.m */ = {isa = PBXFileReference; lastKnownFileType = sourcecode.c.objc; path = ZZDiskCache.m; sourceTree = "<group>"; };
		C9C7DE5520BE7ED700F8ECE8 /* ZZCacheProtocol.h */ = {isa = PBXFileReference; lastKnownFileType = sourcecode.c.h; path = ZZCacheProtocol.h; sourceTree = "<group>"; };
		F8DEBCCD17DD6C69035A99D2 /* libPods-ZZNetwork.a */ = {isa = PBXFileReference; explicitFileType = archive.ar; includeInIndex = 0; path = "libPods-ZZNetwork.a"; sourceTree = BUILT_PRODUCTS_DIR; };
/* End PBXFileReference section */

/* Begin PBXFrameworksBuildPhase section */
		C9985CD320BBE58600BEEDA3 /* Frameworks */ = {
			isa = PBXFrameworksBuildPhase;
			buildActionMask = 2147483647;
			files = (
				BBCFA39181AACA83C35A42C1 /* libPods-ZZNetwork.a in Frameworks */,
			);
			runOnlyForDeploymentPostprocessing = 0;
		};
		C9985CEB20BBE58700BEEDA3 /* Frameworks */ = {
			isa = PBXFrameworksBuildPhase;
			buildActionMask = 2147483647;
			files = (
			);
			runOnlyForDeploymentPostprocessing = 0;
		};
		C9985CF620BBE58700BEEDA3 /* Frameworks */ = {
			isa = PBXFrameworksBuildPhase;
			buildActionMask = 2147483647;
			files = (
			);
			runOnlyForDeploymentPostprocessing = 0;
		};
/* End PBXFrameworksBuildPhase section */

/* Begin PBXGroup section */
		BD003B625CE6786C33DB6200 /* Pods */ = {
			isa = PBXGroup;
			children = (
				78868473D90CE2E6C7FA5B46 /* Pods-ZZNetwork.debug.xcconfig */,
				B382967DB035BAC81E495B09 /* Pods-ZZNetwork.release.xcconfig */,
			);
			name = Pods;
			sourceTree = "<group>";
		};
		C974AB0B20C00347000C4365 /* ZZStoreManager */ = {
			isa = PBXGroup;
			children = (
				C9A3558820C4E36E00F56904 /* ZZKeyValueEntity+CoreDataProperties.h */,
				C9A3558920C4E36E00F56904 /* ZZKeyValueEntity+CoreDataClass.h */,
				C9A3558A20C4E36E00F56904 /* ZZKeyValueEntity+CoreDataClass.m */,
				C9A3558B20C4E36E00F56904 /* ZZKeyValueEntity+CoreDataProperties.m */,
				C974AB0C20C00357000C4365 /* ZZStoreManager.h */,
				C974AB0D20C00357000C4365 /* ZZStoreManager.m */,
				C9829A2020C13C8D00C764E7 /* ZZKeyValueDB.xcdatamodeld */,
			);
			path = ZZStoreManager;
			sourceTree = "<group>";
		};
		C97A8DDC20BE4C9D00AC61DA /* ZZCategory */ = {
			isa = PBXGroup;
			children = (
				C97A8DE320BE4DA500AC61DA /* ZZCategory.h */,
				C97A8DDE20BE4CB700AC61DA /* NSDate+ZZ.h */,
				C97A8DDF20BE4CB700AC61DA /* NSDate+ZZ.m */,
				C97A8DDD20BE4CB700AC61DA /* NSString+ZZ.h */,
				C97A8DE020BE4CB700AC61DA /* NSString+ZZ.m */,
				C974AB1220C00723000C4365 /* UIApplication+ZZ.h */,
				C974AB1320C00723000C4365 /* UIApplication+ZZ.m */,
			);
			path = ZZCategory;
			sourceTree = "<group>";
		};
		C97A8DE620BE4FF200AC61DA /* ZZRequestPool */ = {
			isa = PBXGroup;
			children = (
				C97A8DE820BE4FF200AC61DA /* ZZRequestPool.h */,
				C97A8DE720BE4FF200AC61DA /* ZZRequestPool.m */,
			);
			path = ZZRequestPool;
			sourceTree = "<group>";
		};
		C9985CCD20BBE58600BEEDA3 = {
			isa = PBXGroup;
			children = (
				C9985CD820BBE58600BEEDA3 /* ZZNetwork */,
				C9985CF120BBE58700BEEDA3 /* ZZNetworkTests */,
				C9985CFC20BBE58700BEEDA3 /* ZZNetworkUITests */,
				C9985CD720BBE58600BEEDA3 /* Products */,
				BD003B625CE6786C33DB6200 /* Pods */,
				EA72F262A12023AD990FCF9C /* Frameworks */,
			);
			sourceTree = "<group>";
		};
		C9985CD720BBE58600BEEDA3 /* Products */ = {
			isa = PBXGroup;
			children = (
				C9985CD620BBE58600BEEDA3 /* ZZNetwork.app */,
				C9985CEE20BBE58700BEEDA3 /* ZZNetworkTests.xctest */,
				C9985CF920BBE58700BEEDA3 /* ZZNetworkUITests.xctest */,
			);
			name = Products;
			sourceTree = "<group>";
		};
		C9985CD820BBE58600BEEDA3 /* ZZNetwork */ = {
			isa = PBXGroup;
			children = (
				C9985CD920BBE58600BEEDA3 /* AppDelegate.h */,
				C9985CDA20BBE58600BEEDA3 /* AppDelegate.m */,
				C9985CDC20BBE58600BEEDA3 /* ViewController.h */,
				C9985CDD20BBE58600BEEDA3 /* ViewController.m */,
				C99BD5CF20BD12E3005A6E4A /* WeatherApi.h */,
				C99BD5D020BD12E3005A6E4A /* WeatherApi.m */,
				C9C7DE4520BE66AA00F8ECE8 /* WeatherInfoWarpper.h */,
				C9C7DE4620BE66AA00F8ECE8 /* WeatherInfoWarpper.m */,
				C99BD5D220BD130F005A6E4A /* WeatherInfo.h */,
				C99BD5D320BD130F005A6E4A /* WeatherInfo.m */,
				C9985D0B20BBEA3500BEEDA3 /* Classes */,
				C9985CDF20BBE58600BEEDA3 /* Main.storyboard */,
				C9985CE220BBE58600BEEDA3 /* Assets.xcassets */,
				C9985CE420BBE58600BEEDA3 /* LaunchScreen.storyboard */,
				C9985CE720BBE58600BEEDA3 /* Info.plist */,
				C9985CE820BBE58600BEEDA3 /* main.m */,
			);
			path = ZZNetwork;
			sourceTree = "<group>";
		};
		C9985CF120BBE58700BEEDA3 /* ZZNetworkTests */ = {
			isa = PBXGroup;
			children = (
				C9985CF220BBE58700BEEDA3 /* ZZNetworkTests.m */,
				C9985CF420BBE58700BEEDA3 /* Info.plist */,
			);
			path = ZZNetworkTests;
			sourceTree = "<group>";
		};
		C9985CFC20BBE58700BEEDA3 /* ZZNetworkUITests */ = {
			isa = PBXGroup;
			children = (
				C9985CFD20BBE58700BEEDA3 /* ZZNetworkUITests.m */,
				C9985CFF20BBE58700BEEDA3 /* Info.plist */,
			);
			path = ZZNetworkUITests;
			sourceTree = "<group>";
		};
		C9985D0B20BBEA3500BEEDA3 /* Classes */ = {
			isa = PBXGroup;
			children = (
				C99BD5D520BD3236005A6E4A /* ZZNetwork.h */,
				C974AB0B20C00347000C4365 /* ZZStoreManager */,
				C9C7DE4B20BE72A600F8ECE8 /* ZZCache */,
				C97A8DE620BE4FF200AC61DA /* ZZRequestPool */,
				C97A8DDC20BE4C9D00AC61DA /* ZZCategory */,
				C9985D0C20BBEDC000BEEDA3 /* ZZRequest */,
			);
			path = Classes;
			sourceTree = "<group>";
		};
		C9985D0C20BBEDC000BEEDA3 /* ZZRequest */ = {
			isa = PBXGroup;
			children = (
				C9985D1020BBEE1000BEEDA3 /* ZZRequest.h */,
				C9985D1120BBEE1000BEEDA3 /* ZZRequest.m */,
				C9AD0D8F20BC0E8800C365B4 /* ZZProtocol.h */,
				C9C7DE4120BE630900F8ECE8 /* ZZReponse.h */,
				C9C7DE3B20BE51E700F8ECE8 /* ZZBaseApi.h */,
				C9C7DE3C20BE51E700F8ECE8 /* ZZBaseApi.m */,
				C9C7DE4220BE632500F8ECE8 /* ZZBaseReponse.h */,
				C9C7DE4320BE632500F8ECE8 /* ZZBaseReponse.m */,
			);
			path = ZZRequest;
			sourceTree = "<group>";
		};
		C9C7DE4B20BE72A600F8ECE8 /* ZZCache */ = {
			isa = PBXGroup;
			children = (
				C9C7DE4C20BE72B600F8ECE8 /* ZZCache.h */,
				C9C7DE4D20BE72B600F8ECE8 /* ZZCache.m */,
				C9C7DE5520BE7ED700F8ECE8 /* ZZCacheProtocol.h */,
				C9C7DE4F20BE76EF00F8ECE8 /* ZZMemoryCache.h */,
				C9C7DE5020BE76EF00F8ECE8 /* ZZMemoryCache.m */,
				C9C7DE5220BE76FE00F8ECE8 /* ZZDiskCache.h */,
				C9C7DE5320BE76FE00F8ECE8 /* ZZDiskCache.m */,
			);
			path = ZZCache;
			sourceTree = "<group>";
		};
		EA72F262A12023AD990FCF9C /* Frameworks */ = {
			isa = PBXGroup;
			children = (
				F8DEBCCD17DD6C69035A99D2 /* libPods-ZZNetwork.a */,
			);
			name = Frameworks;
			sourceTree = "<group>";
		};
/* End PBXGroup section */

/* Begin PBXNativeTarget section */
		C9985CD520BBE58600BEEDA3 /* ZZNetwork */ = {
			isa = PBXNativeTarget;
			buildConfigurationList = C9985D0220BBE58700BEEDA3 /* Build configuration list for PBXNativeTarget "ZZNetwork" */;
			buildPhases = (
				09913DBC2FF2BF632250C73D /* [CP] Check Pods Manifest.lock */,
				C9985CD220BBE58600BEEDA3 /* Sources */,
				C9985CD320BBE58600BEEDA3 /* Frameworks */,
				C9985CD420BBE58600BEEDA3 /* Resources */,
				56DE53603430CE80E77B49CB /* [CP] Copy Pods Resources */,
			);
			buildRules = (
			);
			dependencies = (
			);
			name = ZZNetwork;
			productName = ZZNetwork;
			productReference = C9985CD620BBE58600BEEDA3 /* ZZNetwork.app */;
			productType = "com.apple.product-type.application";
		};
		C9985CED20BBE58700BEEDA3 /* ZZNetworkTests */ = {
			isa = PBXNativeTarget;
			buildConfigurationList = C9985D0520BBE58700BEEDA3 /* Build configuration list for PBXNativeTarget "ZZNetworkTests" */;
			buildPhases = (
				C9985CEA20BBE58700BEEDA3 /* Sources */,
				C9985CEB20BBE58700BEEDA3 /* Frameworks */,
				C9985CEC20BBE58700BEEDA3 /* Resources */,
			);
			buildRules = (
			);
			dependencies = (
				C9985CF020BBE58700BEEDA3 /* PBXTargetDependency */,
			);
			name = ZZNetworkTests;
			productName = ZZNetworkTests;
			productReference = C9985CEE20BBE58700BEEDA3 /* ZZNetworkTests.xctest */;
			productType = "com.apple.product-type.bundle.unit-test";
		};
		C9985CF820BBE58700BEEDA3 /* ZZNetworkUITests */ = {
			isa = PBXNativeTarget;
			buildConfigurationList = C9985D0820BBE58700BEEDA3 /* Build configuration list for PBXNativeTarget "ZZNetworkUITests" */;
			buildPhases = (
				C9985CF520BBE58700BEEDA3 /* Sources */,
				C9985CF620BBE58700BEEDA3 /* Frameworks */,
				C9985CF720BBE58700BEEDA3 /* Resources */,
			);
			buildRules = (
			);
			dependencies = (
				C9985CFB20BBE58700BEEDA3 /* PBXTargetDependency */,
			);
			name = ZZNetworkUITests;
			productName = ZZNetworkUITests;
			productReference = C9985CF920BBE58700BEEDA3 /* ZZNetworkUITests.xctest */;
			productType = "com.apple.product-type.bundle.ui-testing";
		};
/* End PBXNativeTarget section */

/* Begin PBXProject section */
		C9985CCE20BBE58600BEEDA3 /* Project object */ = {
			isa = PBXProject;
			attributes = {
				LastUpgradeCheck = 0920;
				ORGANIZATIONNAME = "郑来贤";
				TargetAttributes = {
					C9985CD520BBE58600BEEDA3 = {
						CreatedOnToolsVersion = 9.2;
						ProvisioningStyle = Automatic;
					};
					C9985CED20BBE58700BEEDA3 = {
						CreatedOnToolsVersion = 9.2;
						ProvisioningStyle = Automatic;
						TestTargetID = C9985CD520BBE58600BEEDA3;
					};
					C9985CF820BBE58700BEEDA3 = {
						CreatedOnToolsVersion = 9.2;
						ProvisioningStyle = Automatic;
						TestTargetID = C9985CD520BBE58600BEEDA3;
					};
				};
			};
			buildConfigurationList = C9985CD120BBE58600BEEDA3 /* Build configuration list for PBXProject "ZZNetwork" */;
			compatibilityVersion = "Xcode 8.0";
			developmentRegion = en;
			hasScannedForEncodings = 0;
			knownRegions = (
				en,
				Base,
			);
			mainGroup = C9985CCD20BBE58600BEEDA3;
			productRefGroup = C9985CD720BBE58600BEEDA3 /* Products */;
			projectDirPath = "";
			projectRoot = "";
			targets = (
				C9985CD520BBE58600BEEDA3 /* ZZNetwork */,
				C9985CED20BBE58700BEEDA3 /* ZZNetworkTests */,
				C9985CF820BBE58700BEEDA3 /* ZZNetworkUITests */,
			);
		};
/* End PBXProject section */

/* Begin PBXResourcesBuildPhase section */
		C9985CD420BBE58600BEEDA3 /* Resources */ = {
			isa = PBXResourcesBuildPhase;
			buildActionMask = 2147483647;
			files = (
				C9985CE620BBE58600BEEDA3 /* LaunchScreen.storyboard in Resources */,
				C9985CE320BBE58600BEEDA3 /* Assets.xcassets in Resources */,
				C9985CE120BBE58600BEEDA3 /* Main.storyboard in Resources */,
			);
			runOnlyForDeploymentPostprocessing = 0;
		};
		C9985CEC20BBE58700BEEDA3 /* Resources */ = {
			isa = PBXResourcesBuildPhase;
			buildActionMask = 2147483647;
			files = (
			);
			runOnlyForDeploymentPostprocessing = 0;
		};
		C9985CF720BBE58700BEEDA3 /* Resources */ = {
			isa = PBXResourcesBuildPhase;
			buildActionMask = 2147483647;
			files = (
			);
			runOnlyForDeploymentPostprocessing = 0;
		};
/* End PBXResourcesBuildPhase section */

/* Begin PBXShellScriptBuildPhase section */
		09913DBC2FF2BF632250C73D /* [CP] Check Pods Manifest.lock */ = {
			isa = PBXShellScriptBuildPhase;
			buildActionMask = 2147483647;
			files = (
			);
			inputPaths = (
				"${PODS_PODFILE_DIR_PATH}/Podfile.lock",
				"${PODS_ROOT}/Manifest.lock",
			);
			name = "[CP] Check Pods Manifest.lock";
			outputPaths = (
				"$(DERIVED_FILE_DIR)/Pods-ZZNetwork-checkManifestLockResult.txt",
			);
			runOnlyForDeploymentPostprocessing = 0;
			shellPath = /bin/sh;
			shellScript = "diff \"${PODS_PODFILE_DIR_PATH}/Podfile.lock\" \"${PODS_ROOT}/Manifest.lock\" > /dev/null\nif [ $? != 0 ] ; then\n    # print error to STDERR\n    echo \"error: The sandbox is not in sync with the Podfile.lock. Run 'pod install' or update your CocoaPods installation.\" >&2\n    exit 1\nfi\n# This output is used by Xcode 'outputs' to avoid re-running this script phase.\necho \"SUCCESS\" > \"${SCRIPT_OUTPUT_FILE_0}\"\n";
			showEnvVarsInLog = 0;
		};
		56DE53603430CE80E77B49CB /* [CP] Copy Pods Resources */ = {
			isa = PBXShellScriptBuildPhase;
			buildActionMask = 2147483647;
			files = (
			);
			inputPaths = (
				"${SRCROOT}/Pods/Target Support Files/Pods-ZZNetwork/Pods-ZZNetwork-resources.sh",
				"${PODS_ROOT}/../ZZNetwork/Classes/ZZStoreManager/ZZKeyValueDB.xcdatamodeld",
			);
			name = "[CP] Copy Pods Resources";
			outputPaths = (
				"${TARGET_BUILD_DIR}/${UNLOCALIZED_RESOURCES_FOLDER_PATH}/ZZKeyValueDB.momd",
			);
			runOnlyForDeploymentPostprocessing = 0;
			shellPath = /bin/sh;
			shellScript = "\"${SRCROOT}/Pods/Target Support Files/Pods-ZZNetwork/Pods-ZZNetwork-resources.sh\"\n";
			showEnvVarsInLog = 0;
		};
/* End PBXShellScriptBuildPhase section */

/* Begin PBXSourcesBuildPhase section */
		C9985CD220BBE58600BEEDA3 /* Sources */ = {
			isa = PBXSourcesBuildPhase;
			buildActionMask = 2147483647;
			files = (
				C9A3557F20C4E27600F56904 /* ZZMemoryCache.m in Sources */,
				C9985CDE20BBE58600BEEDA3 /* ViewController.m in Sources */,
				C9A3557E20C4E27100F56904 /* ZZKeyValueDB.xcdatamodeld in Sources */,
				C9A3558720C4E28E00F56904 /* ZZBaseReponse.m in Sources */,
				C9985CE920BBE58600BEEDA3 /* main.m in Sources */,
				C9985CDB20BBE58600BEEDA3 /* AppDelegate.m in Sources */,
				C9C7DE4720BE66AA00F8ECE8 /* WeatherInfoWarpper.m in Sources */,
				C9A3558520C4E28800F56904 /* ZZRequest.m in Sources */,
				C9A3558020C4E27800F56904 /* ZZDiskCache.m in Sources */,
				C9A3558620C4E28B00F56904 /* ZZBaseApi.m in Sources */,
				C99BD5D120BD12E3005A6E4A /* WeatherApi.m in Sources */,
				C9A3557B20C4E25A00F56904 /* ZZCache.m in Sources */,
				C9A3558320C4E28200F56904 /* NSString+ZZ.m in Sources */,
				C9A3558220C4E27F00F56904 /* NSDate+ZZ.m in Sources */,
				C99BD5D420BD130F005A6E4A /* WeatherInfo.m in Sources */,
				C9A3557C20C4E25E00F56904 /* ZZStoreManager.m in Sources */,
				C9A3558420C4E28500F56904 /* UIApplication+ZZ.m in Sources */,
				C9A3558120C4E27B00F56904 /* ZZRequestPool.m in Sources */,
			);
			runOnlyForDeploymentPostprocessing = 0;
		};
		C9985CEA20BBE58700BEEDA3 /* Sources */ = {
			isa = PBXSourcesBuildPhase;
			buildActionMask = 2147483647;
			files = (
				C9985CF320BBE58700BEEDA3 /* ZZNetworkTests.m in Sources */,
			);
			runOnlyForDeploymentPostprocessing = 0;
		};
		C9985CF520BBE58700BEEDA3 /* Sources */ = {
			isa = PBXSourcesBuildPhase;
			buildActionMask = 2147483647;
			files = (
				C9985CFE20BBE58700BEEDA3 /* ZZNetworkUITests.m in Sources */,
			);
			runOnlyForDeploymentPostprocessing = 0;
		};
/* End PBXSourcesBuildPhase section */

/* Begin PBXTargetDependency section */
		C9985CF020BBE58700BEEDA3 /* PBXTargetDependency */ = {
			isa = PBXTargetDependency;
			target = C9985CD520BBE58600BEEDA3 /* ZZNetwork */;
			targetProxy = C9985CEF20BBE58700BEEDA3 /* PBXContainerItemProxy */;
		};
		C9985CFB20BBE58700BEEDA3 /* PBXTargetDependency */ = {
			isa = PBXTargetDependency;
			target = C9985CD520BBE58600BEEDA3 /* ZZNetwork */;
			targetProxy = C9985CFA20BBE58700BEEDA3 /* PBXContainerItemProxy */;
		};
/* End PBXTargetDependency section */

/* Begin PBXVariantGroup section */
		C9985CDF20BBE58600BEEDA3 /* Main.storyboard */ = {
			isa = PBXVariantGroup;
			children = (
				C9985CE020BBE58600BEEDA3 /* Base */,
			);
			name = Main.storyboard;
			sourceTree = "<group>";
		};
		C9985CE420BBE58600BEEDA3 /* LaunchScreen.storyboard */ = {
			isa = PBXVariantGroup;
			children = (
				C9985CE520BBE58600BEEDA3 /* Base */,
			);
			name = LaunchScreen.storyboard;
			sourceTree = "<group>";
		};
/* End PBXVariantGroup section */

/* Begin XCBuildConfiguration section */
		C9985D0020BBE58700BEEDA3 /* Debug */ = {
			isa = XCBuildConfiguration;
			buildSettings = {
				ALWAYS_SEARCH_USER_PATHS = NO;
				CLANG_ANALYZER_NONNULL = YES;
				CLANG_ANALYZER_NUMBER_OBJECT_CONVERSION = YES_AGGRESSIVE;
				CLANG_CXX_LANGUAGE_STANDARD = "gnu++14";
				CLANG_CXX_LIBRARY = "libc++";
				CLANG_ENABLE_MODULES = YES;
				CLANG_ENABLE_OBJC_ARC = YES;
				CLANG_WARN_BLOCK_CAPTURE_AUTORELEASING = YES;
				CLANG_WARN_BOOL_CONVERSION = YES;
				CLANG_WARN_COMMA = YES;
				CLANG_WARN_CONSTANT_CONVERSION = YES;
				CLANG_WARN_DIRECT_OBJC_ISA_USAGE = YES_ERROR;
				CLANG_WARN_DOCUMENTATION_COMMENTS = YES;
				CLANG_WARN_EMPTY_BODY = YES;
				CLANG_WARN_ENUM_CONVERSION = YES;
				CLANG_WARN_INFINITE_RECURSION = YES;
				CLANG_WARN_INT_CONVERSION = YES;
				CLANG_WARN_NON_LITERAL_NULL_CONVERSION = YES;
				CLANG_WARN_OBJC_LITERAL_CONVERSION = YES;
				CLANG_WARN_OBJC_ROOT_CLASS = YES_ERROR;
				CLANG_WARN_RANGE_LOOP_ANALYSIS = YES;
				CLANG_WARN_STRICT_PROTOTYPES = YES;
				CLANG_WARN_SUSPICIOUS_MOVE = YES;
				CLANG_WARN_UNGUARDED_AVAILABILITY = YES_AGGRESSIVE;
				CLANG_WARN_UNREACHABLE_CODE = YES;
				CLANG_WARN__DUPLICATE_METHOD_MATCH = YES;
				CODE_SIGN_IDENTITY = "iPhone Developer";
				COPY_PHASE_STRIP = NO;
				DEBUG_INFORMATION_FORMAT = dwarf;
				ENABLE_STRICT_OBJC_MSGSEND = YES;
				ENABLE_TESTABILITY = YES;
				GCC_C_LANGUAGE_STANDARD = gnu11;
				GCC_DYNAMIC_NO_PIC = NO;
				GCC_NO_COMMON_BLOCKS = YES;
				GCC_OPTIMIZATION_LEVEL = 0;
				GCC_PREPROCESSOR_DEFINITIONS = (
					"DEBUG=1",
					"$(inherited)",
				);
				GCC_WARN_64_TO_32_BIT_CONVERSION = YES;
				GCC_WARN_ABOUT_RETURN_TYPE = YES_ERROR;
				GCC_WARN_UNDECLARED_SELECTOR = YES;
				GCC_WARN_UNINITIALIZED_AUTOS = YES_AGGRESSIVE;
				GCC_WARN_UNUSED_FUNCTION = YES;
				GCC_WARN_UNUSED_VARIABLE = YES;
				IPHONEOS_DEPLOYMENT_TARGET = 11.2;
				MTL_ENABLE_DEBUG_INFO = YES;
				ONLY_ACTIVE_ARCH = YES;
				SDKROOT = iphoneos;
			};
			name = Debug;
		};
		C9985D0120BBE58700BEEDA3 /* Release */ = {
			isa = XCBuildConfiguration;
			buildSettings = {
				ALWAYS_SEARCH_USER_PATHS = NO;
				CLANG_ANALYZER_NONNULL = YES;
				CLANG_ANALYZER_NUMBER_OBJECT_CONVERSION = YES_AGGRESSIVE;
				CLANG_CXX_LANGUAGE_STANDARD = "gnu++14";
				CLANG_CXX_LIBRARY = "libc++";
				CLANG_ENABLE_MODULES = YES;
				CLANG_ENABLE_OBJC_ARC = YES;
				CLANG_WARN_BLOCK_CAPTURE_AUTORELEASING = YES;
				CLANG_WARN_BOOL_CONVERSION = YES;
				CLANG_WARN_COMMA = YES;
				CLANG_WARN_CONSTANT_CONVERSION = YES;
				CLANG_WARN_DIRECT_OBJC_ISA_USAGE = YES_ERROR;
				CLANG_WARN_DOCUMENTATION_COMMENTS = YES;
				CLANG_WARN_EMPTY_BODY = YES;
				CLANG_WARN_ENUM_CONVERSION = YES;
				CLANG_WARN_INFINITE_RECURSION = YES;
				CLANG_WARN_INT_CONVERSION = YES;
				CLANG_WARN_NON_LITERAL_NULL_CONVERSION = YES;
				CLANG_WARN_OBJC_LITERAL_CONVERSION = YES;
				CLANG_WARN_OBJC_ROOT_CLASS = YES_ERROR;
				CLANG_WARN_RANGE_LOOP_ANALYSIS = YES;
				CLANG_WARN_STRICT_PROTOTYPES = YES;
				CLANG_WARN_SUSPICIOUS_MOVE = YES;
				CLANG_WARN_UNGUARDED_AVAILABILITY = YES_AGGRESSIVE;
				CLANG_WARN_UNREACHABLE_CODE = YES;
				CLANG_WARN__DUPLICATE_METHOD_MATCH = YES;
				CODE_SIGN_IDENTITY = "iPhone Developer";
				COPY_PHASE_STRIP = NO;
				DEBUG_INFORMATION_FORMAT = "dwarf-with-dsym";
				ENABLE_NS_ASSERTIONS = NO;
				ENABLE_STRICT_OBJC_MSGSEND = YES;
				GCC_C_LANGUAGE_STANDARD = gnu11;
				GCC_NO_COMMON_BLOCKS = YES;
				GCC_WARN_64_TO_32_BIT_CONVERSION = YES;
				GCC_WARN_ABOUT_RETURN_TYPE = YES_ERROR;
				GCC_WARN_UNDECLARED_SELECTOR = YES;
				GCC_WARN_UNINITIALIZED_AUTOS = YES_AGGRESSIVE;
				GCC_WARN_UNUSED_FUNCTION = YES;
				GCC_WARN_UNUSED_VARIABLE = YES;
				IPHONEOS_DEPLOYMENT_TARGET = 11.2;
				MTL_ENABLE_DEBUG_INFO = NO;
				SDKROOT = iphoneos;
				VALIDATE_PRODUCT = YES;
			};
			name = Release;
		};
		C9985D0320BBE58700BEEDA3 /* Debug */ = {
			isa = XCBuildConfiguration;
			baseConfigurationReference = 78868473D90CE2E6C7FA5B46 /* Pods-ZZNetwork.debug.xcconfig */;
			buildSettings = {
				ASSETCATALOG_COMPILER_APPICON_NAME = AppIcon;
				CODE_SIGN_STYLE = Automatic;
				DEVELOPMENT_TEAM = U55NXTTPH7;
				INFOPLIST_FILE = ZZNetwork/Info.plist;
				LD_RUNPATH_SEARCH_PATHS = "$(inherited) @executable_path/Frameworks";
				PRODUCT_BUNDLE_IDENTIFIER = com.sjyr.ZZNetwork;
				PRODUCT_NAME = "$(TARGET_NAME)";
				TARGETED_DEVICE_FAMILY = "1,2";
			};
			name = Debug;
		};
		C9985D0420BBE58700BEEDA3 /* Release */ = {
			isa = XCBuildConfiguration;
			baseConfigurationReference = B382967DB035BAC81E495B09 /* Pods-ZZNetwork.release.xcconfig */;
			buildSettings = {
				ASSETCATALOG_COMPILER_APPICON_NAME = AppIcon;
				CODE_SIGN_STYLE = Automatic;
				DEVELOPMENT_TEAM = U55NXTTPH7;
				INFOPLIST_FILE = ZZNetwork/Info.plist;
				LD_RUNPATH_SEARCH_PATHS = "$(inherited) @executable_path/Frameworks";
				PRODUCT_BUNDLE_IDENTIFIER = com.sjyr.ZZNetwork;
				PRODUCT_NAME = "$(TARGET_NAME)";
				TARGETED_DEVICE_FAMILY = "1,2";
			};
			name = Release;
		};
		C9985D0620BBE58700BEEDA3 /* Debug */ = {
			isa = XCBuildConfiguration;
			buildSettings = {
				BUNDLE_LOADER = "$(TEST_HOST)";
				CODE_SIGN_STYLE = Automatic;
				DEVELOPMENT_TEAM = U55NXTTPH7;
				INFOPLIST_FILE = ZZNetworkTests/Info.plist;
				LD_RUNPATH_SEARCH_PATHS = "$(inherited) @executable_path/Frameworks @loader_path/Frameworks";
				PRODUCT_BUNDLE_IDENTIFIER = com.sjyr.ZZNetworkTests;
				PRODUCT_NAME = "$(TARGET_NAME)";
				TARGETED_DEVICE_FAMILY = "1,2";
				TEST_HOST = "$(BUILT_PRODUCTS_DIR)/ZZNetwork.app/ZZNetwork";
			};
			name = Debug;
		};
		C9985D0720BBE58700BEEDA3 /* Release */ = {
			isa = XCBuildConfiguration;
			buildSettings = {
				BUNDLE_LOADER = "$(TEST_HOST)";
				CODE_SIGN_STYLE = Automatic;
				DEVELOPMENT_TEAM = U55NXTTPH7;
				INFOPLIST_FILE = ZZNetworkTests/Info.plist;
				LD_RUNPATH_SEARCH_PATHS = "$(inherited) @executable_path/Frameworks @loader_path/Frameworks";
				PRODUCT_BUNDLE_IDENTIFIER = com.sjyr.ZZNetworkTests;
				PRODUCT_NAME = "$(TARGET_NAME)";
				TARGETED_DEVICE_FAMILY = "1,2";
				TEST_HOST = "$(BUILT_PRODUCTS_DIR)/ZZNetwork.app/ZZNetwork";
			};
			name = Release;
		};
		C9985D0920BBE58700BEEDA3 /* Debug */ = {
			isa = XCBuildConfiguration;
			buildSettings = {
				CODE_SIGN_STYLE = Automatic;
				DEVELOPMENT_TEAM = U55NXTTPH7;
				INFOPLIST_FILE = ZZNetworkUITests/Info.plist;
				LD_RUNPATH_SEARCH_PATHS = "$(inherited) @executable_path/Frameworks @loader_path/Frameworks";
				PRODUCT_BUNDLE_IDENTIFIER = com.sjyr.ZZNetworkUITests;
				PRODUCT_NAME = "$(TARGET_NAME)";
				TARGETED_DEVICE_FAMILY = "1,2";
				TEST_TARGET_NAME = ZZNetwork;
			};
			name = Debug;
		};
		C9985D0A20BBE58700BEEDA3 /* Release */ = {
			isa = XCBuildConfiguration;
			buildSettings = {
				CODE_SIGN_STYLE = Automatic;
				DEVELOPMENT_TEAM = U55NXTTPH7;
				INFOPLIST_FILE = ZZNetworkUITests/Info.plist;
				LD_RUNPATH_SEARCH_PATHS = "$(inherited) @executable_path/Frameworks @loader_path/Frameworks";
				PRODUCT_BUNDLE_IDENTIFIER = com.sjyr.ZZNetworkUITests;
				PRODUCT_NAME = "$(TARGET_NAME)";
				TARGETED_DEVICE_FAMILY = "1,2";
				TEST_TARGET_NAME = ZZNetwork;
			};
			name = Release;
		};
/* End XCBuildConfiguration section */

/* Begin XCConfigurationList section */
		C9985CD120BBE58600BEEDA3 /* Build configuration list for PBXProject "ZZNetwork" */ = {
			isa = XCConfigurationList;
			buildConfigurations = (
				C9985D0020BBE58700BEEDA3 /* Debug */,
				C9985D0120BBE58700BEEDA3 /* Release */,
			);
			defaultConfigurationIsVisible = 0;
			defaultConfigurationName = Release;
		};
		C9985D0220BBE58700BEEDA3 /* Build configuration list for PBXNativeTarget "ZZNetwork" */ = {
			isa = XCConfigurationList;
			buildConfigurations = (
				C9985D0320BBE58700BEEDA3 /* Debug */,
				C9985D0420BBE58700BEEDA3 /* Release */,
			);
			defaultConfigurationIsVisible = 0;
			defaultConfigurationName = Release;
		};
		C9985D0520BBE58700BEEDA3 /* Build configuration list for PBXNativeTarget "ZZNetworkTests" */ = {
			isa = XCConfigurationList;
			buildConfigurations = (
				C9985D0620BBE58700BEEDA3 /* Debug */,
				C9985D0720BBE58700BEEDA3 /* Release */,
			);
			defaultConfigurationIsVisible = 0;
			defaultConfigurationName = Release;
		};
		C9985D0820BBE58700BEEDA3 /* Build configuration list for PBXNativeTarget "ZZNetworkUITests" */ = {
			isa = XCConfigurationList;
			buildConfigurations = (
				C9985D0920BBE58700BEEDA3 /* Debug */,
				C9985D0A20BBE58700BEEDA3 /* Release */,
			);
			defaultConfigurationIsVisible = 0;
			defaultConfigurationName = Release;
		};
/* End XCConfigurationList section */

/* Begin XCVersionGroup section */
		C9829A2020C13C8D00C764E7 /* ZZKeyValueDB.xcdatamodeld */ = {
			isa = XCVersionGroup;
			children = (
				C9829A2120C13C8D00C764E7 /* ZZKeyValueDB.xcdatamodel */,
			);
			currentVersion = C9829A2120C13C8D00C764E7 /* ZZKeyValueDB.xcdatamodel */;
			path = ZZKeyValueDB.xcdatamodeld;
			sourceTree = "<group>";
			versionGroupType = wrapper.xcdatamodel;
		};
/* End XCVersionGroup section */
	};
	rootObject = C9985CCE20BBE58600BEEDA3 /* Project object */;
}
